
Microsoft Visual Studio Solution File, Format Version 12.00
# Visual Studio 2012
Project("{8BC9CEB8-8B4A-11D0-8D11-00A0C91BC942}") = "programming-challenges", "programming-challenges\programming-challenges.vcxproj", "{43CFA84C-5D7A-46F8-BEF8-7271E9C4B5A1}"
EndProject
Project("{2150E333-8FDC-42A3-9474-1A3956D46DE8}") = "Solution Items", "Solution Items", "{08B0858E-9244-46B3-ABA7-BABD0D733F23}"
	ProjectSection(SolutionItems) = preProject
		ReadMe.md = ReadMe.md
	EndProjectSection
EndProject
Global
	GlobalSection(SolutionConfigurationPlatforms) = preSolution
		Debug|Win32 = Debug|Win32
		Release|Win32 = Release|Win32
	EndGlobalSection
	GlobalSection(ProjectConfigurationPlatforms) = postSolution
		{43CFA84C-5D7A-46F8-BEF8-7271E9C4B5A1}.Debug|Win32.ActiveCfg = Debug|Win32
		{43CFA84C-5D7A-46F8-BEF8-7271E9C4B5A1}.Debug|Win32.Build.0 = Debug|Win32
		{43CFA84C-5D7A-46F8-BEF8-7271E9C4B5A1}.Release|Win32.ActiveCfg = Release|Win32
		{43CFA84C-5D7A-46F8-BEF8-7271E9C4B5A1}.Release|Win32.Build.0 = Release|Win32
	EndGlobalSection
	GlobalSection(SolutionProperties) = preSolution
		HideSolutionNode = FALSE
	EndGlobalSection
EndGlobal
